lockfileVersion: '6.0'

dependencies:
  fast-xml-parser:
    specifier: ^4.2.2
    version: 4.2.2

devDependencies:
  uglify-js:
    specifier: ^3.14.3
    version: 3.14.3

packages:

  /fast-xml-parser@4.2.2:
    resolution: {integrity: sha512-DLzIPtQqmvmdq3VUKR7T6omPK/VCRNqgFlGtbESfyhcH2R4I8EzK1/K6E8PkRCK2EabWrUHK32NjYRbEFnnz0Q==}
    hasBin: true
    dependencies:
      strnum: 1.0.5
    dev: false

  /strnum@1.0.5:
    resolution: {integrity: sha512-J8bbNyKKXl5qYcR36TIO8W3mVGVHrmmxsd5PAItGkmyzwJvybiw2IVq5nqd0i4LSNSkB/sx9VHllbfFdr9k1JA==}
    dev: false

  /uglify-js@3.14.3:
    resolution: {integrity: sha512-mic3aOdiq01DuSVx0TseaEzMIVqebMZ0Z3vaeDhFEh9bsc24hV1TFvN74reA2vs08D0ZWfNjAcJ3UbVLaBss+g==}
    engines: {node: '>=0.8.0'}
    hasBin: true
    dev: true
